
Microsoft Visual Studio Solution File, Format Version 12.00
# Visual Studio Version 16
VisualStudioVersion = 25.0.1706.1
MinimumVisualStudioVersion = 10.0.40219.1
Project("{FAE04EC0-301F-11D3-BF4B-00C04F79EFBC}") = "ASP-T11", "ASP-T11\ASP-T11.csproj", "{C35287B1-81F0-47E2-B4DF-4539352770BE}"
EndProject
Global
	GlobalSection(SolutionConfigurationPlatforms) = preSolution
		Debug|Any CPU = Debug|Any CPU
		Release|Any CPU = Release|Any CPU
	EndGlobalSection
	GlobalSection(ProjectConfigurationPlatforms) = postSolution
		{C35287B1-81F0-47E2-B4DF-4539352770BE}.Debug|Any CPU.ActiveCfg = Debug|Any CPU
		{C35287B1-81F0-47E2-B4DF-4539352770BE}.Debug|Any CPU.Build.0 = Debug|Any CPU
		{C35287B1-81F0-47E2-B4DF-4539352770BE}.Release|Any CPU.ActiveCfg = Release|Any CPU
		{C35287B1-81F0-47E2-B4DF-4539352770BE}.Release|Any CPU.Build.0 = Release|Any CPU
	EndGlobalSection
	GlobalSection(SolutionProperties) = preSolution
		HideSolutionNode = FALSE
	EndGlobalSection
	GlobalSection(ExtensibilityGlobals) = postSolution
		SolutionGuid = {C735C380-6653-4393-ACF8-4E7C6CDE3DB0}
	EndGlobalSection
EndGlobal
